
Microsoft Visual Studio Solution File, Format Version 12.00
# Visual Studio 2015
Project("{FAE04EC0-301F-11D3-BF4B-00C04F79EFBC}") = "Uni-venture.CSharp", "Uni-venture.CSharp.csproj", "{756178C9-E11A-09DE-B6A9-53671A8D460A}"
EndProject
Project("{FAE04EC0-301F-11D3-BF4B-00C04F79EFBC}") = "Uni-venture.CSharp.Editor", "Uni-venture.CSharp.Editor.csproj", "{3D18C673-F83A-06C8-E720-8C8CA534AF37}"
EndProject
Global
	GlobalSection(SolutionConfigurationPlatforms) = preSolution
		Debug|Any CPU = Debug|Any CPU
		Release|Any CPU = Release|Any CPU
	EndGlobalSection
	GlobalSection(ProjectConfigurationPlatforms) = postSolution
		{756178C9-E11A-09DE-B6A9-53671A8D460A}.Debug|Any CPU.ActiveCfg = Debug|Any CPU
		{756178C9-E11A-09DE-B6A9-53671A8D460A}.Debug|Any CPU.Build.0 = Debug|Any CPU
		{756178C9-E11A-09DE-B6A9-53671A8D460A}.Release|Any CPU.ActiveCfg = Release|Any CPU
		{756178C9-E11A-09DE-B6A9-53671A8D460A}.Release|Any CPU.Build.0 = Release|Any CPU
		{3D18C673-F83A-06C8-E720-8C8CA534AF37}.Debug|Any CPU.ActiveCfg = Debug|Any CPU
		{3D18C673-F83A-06C8-E720-8C8CA534AF37}.Debug|Any CPU.Build.0 = Debug|Any CPU
		{3D18C673-F83A-06C8-E720-8C8CA534AF37}.Release|Any CPU.ActiveCfg = Release|Any CPU
		{3D18C673-F83A-06C8-E720-8C8CA534AF37}.Release|Any CPU.Build.0 = Release|Any CPU
	EndGlobalSection
	GlobalSection(SolutionProperties) = preSolution
		HideSolutionNode = FALSE
	EndGlobalSection
EndGlobal
